
Microsoft Visual Studio Solution File, Format Version 12.00
# Visual Studio Version 17
VisualStudioVersion = 17.4.33205.214
MinimumVisualStudioVersion = 10.0.40219.1
Project("{9A19103F-16F7-4668-BE54-9A1E7A4F7556}") = "ProjetOuististiControllers", "ProjetOuististiBack\ProjetOuististiControllers.csproj", "{42D7CBC6-7E8A-4337-964F-1D601743BCD0}"
EndProject
Project("{FAE04EC0-301F-11D3-BF4B-00C04F79EFBC}") = "ProjetOuististiModel", "ProjetOuististiModel\ProjetOuististiModel.csproj", "{87B57AE1-2060-4F34-9564-A3B70E776DA2}"
EndProject
Global
	GlobalSection(SolutionConfigurationPlatforms) = preSolution
		Debug|Any CPU = Debug|Any CPU
		Release|Any CPU = Release|Any CPU
	EndGlobalSection
	GlobalSection(ProjectConfigurationPlatforms) = postSolution
		{42D7CBC6-7E8A-4337-964F-1D601743BCD0}.Debug|Any CPU.ActiveCfg = Debug|Any CPU
		{42D7CBC6-7E8A-4337-964F-1D601743BCD0}.Debug|Any CPU.Build.0 = Debug|Any CPU
		{42D7CBC6-7E8A-4337-964F-1D601743BCD0}.Release|Any CPU.ActiveCfg = Release|Any CPU
		{42D7CBC6-7E8A-4337-964F-1D601743BCD0}.Release|Any CPU.Build.0 = Release|Any CPU
		{87B57AE1-2060-4F34-9564-A3B70E776DA2}.Debug|Any CPU.ActiveCfg = Debug|Any CPU
		{87B57AE1-2060-4F34-9564-A3B70E776DA2}.Debug|Any CPU.Build.0 = Debug|Any CPU
		{87B57AE1-2060-4F34-9564-A3B70E776DA2}.Release|Any CPU.ActiveCfg = Release|Any CPU
		{87B57AE1-2060-4F34-9564-A3B70E776DA2}.Release|Any CPU.Build.0 = Release|Any CPU
	EndGlobalSection
	GlobalSection(SolutionProperties) = preSolution
		HideSolutionNode = FALSE
	EndGlobalSection
	GlobalSection(ExtensibilityGlobals) = postSolution
		SolutionGuid = {2249B79A-9411-4B1A-90A4-A65B1A7A4DE1}
	EndGlobalSection
EndGlobal
